
Microsoft Visual Studio Solution File, Format Version 12.00
# Visual Studio Version 16
VisualStudioVersion = 16.0.31129.286
MinimumVisualStudioVersion = 10.0.40219.1
Project("{FAE04EC0-301F-11D3-BF4B-00C04F79EFBC}") = "DigitalPokerChips", "DigitalPokerChips.csproj", "{04DD4594-4338-4F82-BE61-E8D7234B51D4}"
EndProject
Global
	GlobalSection(SolutionConfigurationPlatforms) = preSolution
		Debug|Any CPU = Debug|Any CPU
		Release|Any CPU = Release|Any CPU
	EndGlobalSection
	GlobalSection(ProjectConfigurationPlatforms) = postSolution
		{04DD4594-4338-4F82-BE61-E8D7234B51D4}.Debug|Any CPU.ActiveCfg = Debug|Any CPU
		{04DD4594-4338-4F82-BE61-E8D7234B51D4}.Debug|Any CPU.Build.0 = Debug|Any CPU
		{04DD4594-4338-4F82-BE61-E8D7234B51D4}.Release|Any CPU.ActiveCfg = Release|Any CPU
		{04DD4594-4338-4F82-BE61-E8D7234B51D4}.Release|Any CPU.Build.0 = Release|Any CPU
	EndGlobalSection
	GlobalSection(SolutionProperties) = preSolution
		HideSolutionNode = FALSE
	EndGlobalSection
	GlobalSection(ExtensibilityGlobals) = postSolution
		SolutionGuid = {00A4E795-7670-40D2-B145-E5A2669691B2}
	EndGlobalSection
EndGlobal
