
Microsoft Visual Studio Solution File, Format Version 12.00
# Visual Studio Version 16
VisualStudioVersion = 16.0.31129.286
MinimumVisualStudioVersion = 10.0.40219.1
Project("{FAE04EC0-301F-11D3-BF4B-00C04F79EFBC}") = "DigitalPokerChips", "DigitalPokerChips.csproj", "{B886DF6C-07A9-4F23-8D65-DA196D7DB651}"
EndProject
Global
	GlobalSection(SolutionConfigurationPlatforms) = preSolution
		Debug|Any CPU = Debug|Any CPU
		Release|Any CPU = Release|Any CPU
	EndGlobalSection
	GlobalSection(ProjectConfigurationPlatforms) = postSolution
		{B886DF6C-07A9-4F23-8D65-DA196D7DB651}.Debug|Any CPU.ActiveCfg = Debug|Any CPU
		{B886DF6C-07A9-4F23-8D65-DA196D7DB651}.Debug|Any CPU.Build.0 = Debug|Any CPU
		{B886DF6C-07A9-4F23-8D65-DA196D7DB651}.Release|Any CPU.ActiveCfg = Release|Any CPU
		{B886DF6C-07A9-4F23-8D65-DA196D7DB651}.Release|Any CPU.Build.0 = Release|Any CPU
	EndGlobalSection
	GlobalSection(SolutionProperties) = preSolution
		HideSolutionNode = FALSE
	EndGlobalSection
	GlobalSection(ExtensibilityGlobals) = postSolution
		SolutionGuid = {E9E70E30-07B0-43B4-AA4A-6B8633FF9775}
	EndGlobalSection
EndGlobal
